
Microsoft Visual Studio Solution File, Format Version 12.00
# Visual Studio 14
VisualStudioVersion = 14.0.24720.0
MinimumVisualStudioVersion = 10.0.40219.1
Project("{FAE04EC0-301F-11D3-BF4B-00C04F79EFBC}") = "votr", "votr\votr.csproj", "{65222899-A67F-45A8-AA3B-1F7E77BFF952}"
EndProject
Project("{FAE04EC0-301F-11D3-BF4B-00C04F79EFBC}") = "votr.Tests", "votr.Tests\votr.Tests.csproj", "{0791E15B-A08A-4C5C-84D2-53FDB5091543}"
EndProject
Global
	GlobalSection(SolutionConfigurationPlatforms) = preSolution
		Debug|Any CPU = Debug|Any CPU
		Release|Any CPU = Release|Any CPU
	EndGlobalSection
	GlobalSection(ProjectConfigurationPlatforms) = postSolution
		{65222899-A67F-45A8-AA3B-1F7E77BFF952}.Debug|Any CPU.ActiveCfg = Debug|Any CPU
		{65222899-A67F-45A8-AA3B-1F7E77BFF952}.Debug|Any CPU.Build.0 = Debug|Any CPU
		{65222899-A67F-45A8-AA3B-1F7E77BFF952}.Release|Any CPU.ActiveCfg = Release|Any CPU
		{65222899-A67F-45A8-AA3B-1F7E77BFF952}.Release|Any CPU.Build.0 = Release|Any CPU
		{0791E15B-A08A-4C5C-84D2-53FDB5091543}.Debug|Any CPU.ActiveCfg = Debug|Any CPU
		{0791E15B-A08A-4C5C-84D2-53FDB5091543}.Debug|Any CPU.Build.0 = Debug|Any CPU
		{0791E15B-A08A-4C5C-84D2-53FDB5091543}.Release|Any CPU.ActiveCfg = Release|Any CPU
		{0791E15B-A08A-4C5C-84D2-53FDB5091543}.Release|Any CPU.Build.0 = Release|Any CPU
	EndGlobalSection
	GlobalSection(SolutionProperties) = preSolution
		HideSolutionNode = FALSE
	EndGlobalSection
EndGlobal
